// !$*UTF8*$!
{
	archiveVersion = 1;
	classes = {
	};
	objectVersion = 46;
	objects = {

/* Begin PBXBuildFile section */
		93CC43EC1F5B864E00EAA9D0 /* CalculatorBrain.swift in Sources */ = {isa = PBXBuildFile; fileRef = 93CC43EB1F5B864D00EAA9D0 /* CalculatorBrain.swift */; };
		93F6E9B31F20638C006D12D4 /* AppDelegate.swift in Sources */ = {isa = PBXBuildFile; fileRef = 93F6E9B21F20638C006D12D4 /* AppDelegate.swift */; };
		93F6E9B51F20638C006D12D4 /* ViewController.swift in Sources */ = {isa = PBXBuildFile; fileRef = 93F6E9B41F20638C006D12D4 /* ViewController.swift */; };
		93F6E9B81F20638C006D12D4 /* Main.storyboard in Resources */ = {isa = PBXBuildFile; fileRef = 93F6E9B61F20638C006D12D4 /* Main.storyboard */; };
		93F6E9BA1F20638C006D12D4 /* Assets.xcassets in Resources */ = {isa = PBXBuildFile; fileRef = 93F6E9B91F20638C006D12D4 /* Assets.xcassets */; };
		93F6E9BD1F20638C006D12D4 /* LaunchScreen.storyboard in Resources */ = {isa = PBXBuildFile; fileRef = 93F6E9BB1F20638C006D12D4 /* LaunchScreen.storyboard */; };
/* End PBXBuildFile section */

/* Begin PBXFileReference section */
		93CC43EB1F5B864D00EAA9D0 /* CalculatorBrain.swift */ = {isa = PBXFileReference; fileEncoding = 4; lastKnownFileType = sourcecode.swift; path = CalculatorBrain.swift; sourceTree = "<group>"; };
		93F6E9AF1F20638C006D12D4 /* Calculator.app */ = {isa = PBXFileReference; explicitFileType = wrapper.application; includeInIndex = 0; path = Calculator.app; sourceTree = BUILT_PRODUCTS_DIR; };
		93F6E9B21F20638C006D12D4 /* AppDelegate.swift */ = {isa = PBXFileReference; lastKnownFileType = sourcecode.swift; path = AppDelegate.swift; sourceTree = "<group>"; };
		93F6E9B41F20638C006D12D4 /* ViewController.swift */ = {isa = PBXFileReference; lastKnownFileType = sourcecode.swift; path = ViewController.swift; sourceTree = "<group>"; };
		93F6E9B71F20638C006D12D4 /* Base */ = {isa = PBXFileReference; lastKnownFileType = file.storyboard; name = Base; path = Base.lproj/Main.storyboard; sourceTree = "<group>"; };
		93F6E9B91F20638C006D12D4 /* Assets.xcassets */ = {isa = PBXFileReference; lastKnownFileType = folder.assetcatalog; path = Assets.xcassets; sourceTree = "<group>"; };
		93F6E9BC1F20638C006D12D4 /* Base */ = {isa = PBXFileReference; lastKnownFileType = file.storyboard; name = Base; path = Base.lproj/LaunchScreen.storyboard; sourceTree = "<group>"; };
		93F6E9BE1F20638C006D12D4 /* Info.plist */ = {isa = PBXFileReference; lastKnownFileType = text.plist.xml; path = Info.plist; sourceTree = "<group>"; };
/* End PBXFileReference section */

/* Begin PBXFrameworksBuildPhase section */
		93F6E9AC1F20638B006D12D4 /* Frameworks */ = {
			isa = PBXFrameworksBuildPhase;
			buildActionMask = 2147483647;
			files = (
			);
			runOnlyForDeploymentPostprocessing = 0;
		};
/* End PBXFrameworksBuildPhase section */

/* Begin PBXGroup section */
		93F6E9A61F20638B006D12D4 = {
			isa = PBXGroup;
			children = (
				93F6E9B11F20638C006D12D4 /* Calculator */,
				93F6E9B01F20638C006D12D4 /* Products */,
			);
			sourceTree = "<group>";
		};
		93F6E9B01F20638C006D12D4 /* Products */ = {
			isa = PBXGroup;
			children = (
				93F6E9AF1F20638C006D12D4 /* Calculator.app */,
			);
			name = Products;
			sourceTree = "<group>";
		};
		93F6E9B11F20638C006D12D4 /* Calculator */ = {
			isa = PBXGroup;
			children = (
				93F6E9C41F20DBB1006D12D4 /* Supporting FIles */,
				93F6E9B41F20638C006D12D4 /* ViewController.swift */,
				93F6E9B61F20638C006D12D4 /* Main.storyboard */,
				93CC43EB1F5B864D00EAA9D0 /* CalculatorBrain.swift */,
			);
			path = Calculator;
			sourceTree = "<group>";
		};
		93F6E9C41F20DBB1006D12D4 /* Supporting FIles */ = {
			isa = PBXGroup;
			children = (
				93F6E9B21F20638C006D12D4 /* AppDelegate.swift */,
				93F6E9B91F20638C006D12D4 /* Assets.xcassets */,
				93F6E9BB1F20638C006D12D4 /* LaunchScreen.storyboard */,
				93F6E9BE1F20638C006D12D4 /* Info.plist */,
			);
			name = "Supporting FIles";
			sourceTree = "<group>";
		};
/* End PBXGroup section */

/* Begin PBXNativeTarget section */
		93F6E9AE1F20638B006D12D4 /* Calculator */ = {
			isa = PBXNativeTarget;
			buildConfigurationList = 93F6E9C11F20638C006D12D4 /* Build configuration list for PBXNativeTarget "Calculator" */;
			buildPhases = (
				93F6E9AB1F20638B006D12D4 /* Sources */,
				93F6E9AC1F20638B006D12D4 /* Frameworks */,
				93F6E9AD1F20638B006D12D4 /* Resources */,
			);
			buildRules = (
			);
			dependencies = (
			);
			name = Calculator;
			productName = Calculator;
			productReference = 93F6E9AF1F20638C006D12D4 /* Calculator.app */;
			productType = "com.apple.product-type.application";
		};
/* End PBXNativeTarget section */

/* Begin PBXProject section */
		93F6E9A71F20638B006D12D4 /* Project object */ = {
			isa = PBXProject;
			attributes = {
				LastSwiftUpdateCheck = 0820;
				LastUpgradeCheck = 0820;
				ORGANIZATIONNAME = "Annie Wang";
				TargetAttributes = {
					93F6E9AE1F20638B006D12D4 = {
						CreatedOnToolsVersion = 8.2.1;
						DevelopmentTeam = LL6VNS7E3C;
						ProvisioningStyle = Automatic;
					};
				};
			};
			buildConfigurationList = 93F6E9AA1F20638B006D12D4 /* Build configuration list for PBXProject "Calculator" */;
			compatibilityVersion = "Xcode 3.2";
			developmentRegion = English;
			hasScannedForEncodings = 0;
			knownRegions = (
				en,
				Base,
			);
			mainGroup = 93F6E9A61F20638B006D12D4;
			productRefGroup = 93F6E9B01F20638C006D12D4 /* Products */;
			projectDirPath = "";
			projectRoot = "";
			targets = (
				93F6E9AE1F20638B006D12D4 /* Calculator */,
			);
		};
/* End PBXProject section */

/* Begin PBXResourcesBuildPhase section */
		93F6E9AD1F20638B006D12D4 /* Resources */ = {
			isa = PBXResourcesBuildPhase;
			buildActionMask = 2147483647;
			files = (
				93F6E9BD1F20638C006D12D4 /* LaunchScreen.storyboard in Resources */,
				93F6E9BA1F20638C006D12D4 /* Assets.xcassets in Resources */,
				93F6E9B81F20638C006D12D4 /* Main.storyboard in Resources */,
			);
			runOnlyForDeploymentPostprocessing = 0;
		};
/* End PBXResourcesBuildPhase section */

/* Begin PBXSourcesBuildPhase section */
		93F6E9AB1F20638B006D12D4 /* Sources */ = {
			isa = PBXSourcesBuildPhase;
			buildActionMask = 2147483647;
			files = (
				93CC43EC1F5B864E00EAA9D0 /* CalculatorBrain.swift in Sources */,
				93F6E9B51F20638C006D12D4 /* ViewController.swift in Sources */,
				93F6E9B31F20638C006D12D4 /* AppDelegate.swift in Sources */,
			);
			runOnlyForDeploymentPostprocessing = 0;
		};
/* End PBXSourcesBuildPhase section */

/* Begin PBXVariantGroup section */
		93F6E9B61F20638C006D12D4 /* Main.storyboard */ = {
			isa = PBXVariantGroup;
			children = (
				93F6E9B71F20638C006D12D4 /* Base */,
			);
			name = Main.storyboard;
			sourceTree = "<group>";
		};
		93F6E9BB1F20638C006D12D4 /* LaunchScreen.storyboard */ = {
			isa = PBXVariantGroup;
			children = (
				93F6E9BC1F20638C006D12D4 /* Base */,
			);
			name = LaunchScreen.storyboard;
			sourceTree = "<group>";
		};
/* End PBXVariantGroup section */

/* Begin XCBuildConfiguration section */
		93F6E9BF1F20638C006D12D4 /* Debug */ = {
			isa = XCBuildConfiguration;
			buildSettings = {
				ALWAYS_SEARCH_USER_PATHS = NO;
				CLANG_ANALYZER_NONNULL = YES;
				CLANG_CXX_LANGUAGE_STANDARD = "gnu++0x";
				CLANG_CXX_LIBRARY = "libc++";
				CLANG_ENABLE_MODULES = YES;
				CLANG_ENABLE_OBJC_ARC = YES;
				CLANG_WARN_BOOL_CONVERSION = YES;
				CLANG_WARN_CONSTANT_CONVERSION = YES;
				CLANG_WARN_DIRECT_OBJC_ISA_USAGE = YES_ERROR;
				CLANG_WARN_DOCUMENTATION_COMMENTS = YES;
				CLANG_WARN_EMPTY_BODY = YES;
				CLANG_WARN_ENUM_CONVERSION = YES;
				CLANG_WARN_INFINITE_RECURSION = YES;
				CLANG_WARN_INT_CONVERSION = YES;
				CLANG_WARN_OBJC_ROOT_CLASS = YES_ERROR;
				CLANG_WARN_SUSPICIOUS_MOVE = YES;
				CLANG_WARN_UNREACHABLE_CODE = YES;
				CLANG_WARN__DUPLICATE_METHOD_MATCH = YES;
				"CODE_SIGN_IDENTITY[sdk=iphoneos*]" = "iPhone Developer";
				COPY_PHASE_STRIP = NO;
				DEBUG_INFORMATION_FORMAT = dwarf;
				ENABLE_STRICT_OBJC_MSGSEND = YES;
				ENABLE_TESTABILITY = YES;
				GCC_C_LANGUAGE_STANDARD = gnu99;
				GCC_DYNAMIC_NO_PIC = NO;
				GCC_NO_COMMON_BLOCKS = YES;
				GCC_OPTIMIZATION_LEVEL = 0;
				GCC_PREPROCESSOR_DEFINITIONS = (
					"DEBUG=1",
					"$(inherited)",
				);
				GCC_WARN_64_TO_32_BIT_CONVERSION = YES;
				GCC_WARN_ABOUT_RETURN_TYPE = YES_ERROR;
				GCC_WARN_UNDECLARED_SELECTOR = YES;
				GCC_WARN_UNINITIALIZED_AUTOS = YES_AGGRESSIVE;
				GCC_WARN_UNUSED_FUNCTION = YES;
				GCC_WARN_UNUSED_VARIABLE = YES;
				IPHONEOS_DEPLOYMENT_TARGET = 10.2;
				MTL_ENABLE_DEBUG_INFO = YES;
				ONLY_ACTIVE_ARCH = YES;
				SDKROOT = iphoneos;
				SWIFT_ACTIVE_COMPILATION_CONDITIONS = DEBUG;
				SWIFT_OPTIMIZATION_LEVEL = "-Onone";
				TARGETED_DEVICE_FAMILY = "1,2";
			};
			name = Debug;
		};
		93F6E9C01F20638C006D12D4 /* Release */ = {
			isa = XCBuildConfiguration;
			buildSettings = {
				ALWAYS_SEARCH_USER_PATHS = NO;
				CLANG_ANALYZER_NONNULL = YES;
				CLANG_CXX_LANGUAGE_STANDARD = "gnu++0x";
				CLANG_CXX_LIBRARY = "libc++";
				CLANG_ENABLE_MODULES = YES;
				CLANG_ENABLE_OBJC_ARC = YES;
				CLANG_WARN_BOOL_CONVERSION = YES;
				CLANG_WARN_CONSTANT_CONVERSION = YES;
				CLANG_WARN_DIRECT_OBJC_ISA_USAGE = YES_ERROR;
				CLANG_WARN_DOCUMENTATION_COMMENTS = YES;
				CLANG_WARN_EMPTY_BODY = YES;
				CLANG_WARN_ENUM_CONVERSION = YES;
				CLANG_WARN_INFINITE_RECURSION = YES;
				CLANG_WARN_INT_CONVERSION = YES;
				CLANG_WARN_OBJC_ROOT_CLASS = YES_ERROR;
				CLANG_WARN_SUSPICIOUS_MOVE = YES;
				CLANG_WARN_UNREACHABLE_CODE = YES;
				CLANG_WARN__DUPLICATE_METHOD_MATCH = YES;
				"CODE_SIGN_IDENTITY[sdk=iphoneos*]" = "iPhone Developer";
				COPY_PHASE_STRIP = NO;
				DEBUG_INFORMATION_FORMAT = "dwarf-with-dsym";
				ENABLE_NS_ASSERTIONS = NO;
				ENABLE_STRICT_OBJC_MSGSEND = YES;
				GCC_C_LANGUAGE_STANDARD = gnu99;
				GCC_NO_COMMON_BLOCKS = YES;
				GCC_WARN_64_TO_32_BIT_CONVERSION = YES;
				GCC_WARN_ABOUT_RETURN_TYPE = YES_ERROR;
				GCC_WARN_UNDECLARED_SELECTOR = YES;
				GCC_WARN_UNINITIALIZED_AUTOS = YES_AGGRESSIVE;
				GCC_WARN_UNUSED_FUNCTION = YES;
				GCC_WARN_UNUSED_VARIABLE = YES;
				IPHONEOS_DEPLOYMENT_TARGET = 10.2;
				MTL_ENABLE_DEBUG_INFO = NO;
				SDKROOT = iphoneos;
				SWIFT_OPTIMIZATION_LEVEL = "-Owholemodule";
				TARGETED_DEVICE_FAMILY = "1,2";
				VALIDATE_PRODUCT = YES;
			};
			name = Release;
		};
		93F6E9C21F20638C006D12D4 /* Debug */ = {
			isa = XCBuildConfiguration;
			buildSettings = {
				ASSETCATALOG_COMPILER_APPICON_NAME = AppIcon;
				DEVELOPMENT_TEAM = LL6VNS7E3C;
				INFOPLIST_FILE = Calculator/Info.plist;
				LD_RUNPATH_SEARCH_PATHS = "$(inherited) @executable_path/Frameworks";
				PRODUCT_BUNDLE_IDENTIFIER = edu.stanford.cs193p.AnnieWang.Calculator;
				PRODUCT_NAME = "$(TARGET_NAME)";
				SWIFT_VERSION = 3.0;
			};
			name = Debug;
		};
		93F6E9C31F20638C006D12D4 /* Release */ = {
			isa = XCBuildConfiguration;
			buildSettings = {
				ASSETCATALOG_COMPILER_APPICON_NAME = AppIcon;
				DEVELOPMENT_TEAM = LL6VNS7E3C;
				INFOPLIST_FILE = Calculator/Info.plist;
				LD_RUNPATH_SEARCH_PATHS = "$(inherited) @executable_path/Frameworks";
				PRODUCT_BUNDLE_IDENTIFIER = edu.stanford.cs193p.AnnieWang.Calculator;
				PRODUCT_NAME = "$(TARGET_NAME)";
				SWIFT_VERSION = 3.0;
			};
			name = Release;
		};
/* End XCBuildConfiguration section */

/* Begin XCConfigurationList section */
		93F6E9AA1F20638B006D12D4 /* Build configuration list for PBXProject "Calculator" */ = {
			isa = XCConfigurationList;
			buildConfigurations = (
				93F6E9BF1F20638C006D12D4 /* Debug */,
				93F6E9C01F20638C006D12D4 /* Release */,
			);
			defaultConfigurationIsVisible = 0;
			defaultConfigurationName = Release;
		};
		93F6E9C11F20638C006D12D4 /* Build configuration list for PBXNativeTarget "Calculator" */ = {
			isa = XCConfigurationList;
			buildConfigurations = (
				93F6E9C21F20638C006D12D4 /* Debug */,
				93F6E9C31F20638C006D12D4 /* Release */,
			);
			defaultConfigurationIsVisible = 0;
			defaultConfigurationName = Release;
		};
/* End XCConfigurationList section */
	};
	rootObject = 93F6E9A71F20638B006D12D4 /* Project object */;
}
